PODS:
  - Alamofire (5.9.1)
  - SnapKit (5.0.1)

DEPENDENCIES:
  - Alamofire
  - SnapKit (~> 5.0.0)

SPEC REPOS:
  trunk:
    - Alamofire
    - SnapKit

SPEC CHECKSUMS:
  Alamofire: f36a35757af4587d8e4f4bfa223ad10be2422b8c
  SnapKit: 97b92857e3df3a0c71833cce143274bf6ef8e5eb

PODFILE CHECKSUM: fde813e4bbc8109d00a6fcfe44248d58a650a2d1

COCOAPODS: 1.15.2
