// !$*UTF8*$!
{
	archiveVersion = 1;
	classes = {
	};
	objectVersion = 56;
	objects = {

/* Begin PBXBuildFile section */
		C62C00672A921E8900333B32 /* AppDelegate.swift in Sources */ = {isa = PBXBuildFile; fileRef = C62C00662A921E8900333B32 /* AppDelegate.swift */; };
		C62C00692A921E8900333B32 /* SceneDelegate.swift in Sources */ = {isa = PBXBuildFile; fileRef = C62C00682A921E8900333B32 /* SceneDelegate.swift */; };
		C62C006B2A921E8900333B32 /* WeatherScreenViewController.swift in Sources */ = {isa = PBXBuildFile; fileRef = C62C006A2A921E8900333B32 /* WeatherScreenViewController.swift */; };
		C62C00702A921E8A00333B32 /* Assets.xcassets in Resources */ = {isa = PBXBuildFile; fileRef = C62C006F2A921E8A00333B32 /* Assets.xcassets */; };
		C62C00732A921E8A00333B32 /* LaunchScreen.storyboard in Resources */ = {isa = PBXBuildFile; fileRef = C62C00712A921E8A00333B32 /* LaunchScreen.storyboard */; };
		C62C007D2A92C1E800333B32 /* .gitignore in Resources */ = {isa = PBXBuildFile; fileRef = C62C007C2A92C1E800333B32 /* .gitignore */; };
		C65E9FCE2AF9507500E74BE6 /* DataWeather.swift in Sources */ = {isa = PBXBuildFile; fileRef = C65E9FCD2AF9507500E74BE6 /* DataWeather.swift */; };
		C65E9FD32AF952A300E74BE6 /* NetworkManager.swift in Sources */ = {isa = PBXBuildFile; fileRef = C65E9FD22AF952A300E74BE6 /* NetworkManager.swift */; };
		C673D1822BC044F3007452E0 /* WeatherAssembly.swift in Sources */ = {isa = PBXBuildFile; fileRef = C673D1812BC044F3007452E0 /* WeatherAssembly.swift */; };
		C673D1842BC04510007452E0 /* WeatherPresenter.swift in Sources */ = {isa = PBXBuildFile; fileRef = C673D1832BC04510007452E0 /* WeatherPresenter.swift */; };
		C673D1862BC04525007452E0 /* WeatherRouter.swift in Sources */ = {isa = PBXBuildFile; fileRef = C673D1852BC04525007452E0 /* WeatherRouter.swift */; };
		C673D1882BC0454C007452E0 /* MVXProtocole.swift in Sources */ = {isa = PBXBuildFile; fileRef = C673D1872BC0454C007452E0 /* MVXProtocole.swift */; };
/* End PBXBuildFile section */

/* Begin PBXFileReference section */
		C62C00632A921E8900333B32 /* MyWeather.app */ = {isa = PBXFileReference; explicitFileType = wrapper.application; includeInIndex = 0; path = MyWeather.app; sourceTree = BUILT_PRODUCTS_DIR; };
		C62C00662A921E8900333B32 /* AppDelegate.swift */ = {isa = PBXFileReference; lastKnownFileType = sourcecode.swift; path = AppDelegate.swift; sourceTree = "<group>"; };
		C62C00682A921E8900333B32 /* SceneDelegate.swift */ = {isa = PBXFileReference; lastKnownFileType = sourcecode.swift; path = SceneDelegate.swift; sourceTree = "<group>"; };
		C62C006A2A921E8900333B32 /* WeatherScreenViewController.swift */ = {isa = PBXFileReference; lastKnownFileType = sourcecode.swift; path = WeatherScreenViewController.swift; sourceTree = "<group>"; };
		C62C006F2A921E8A00333B32 /* Assets.xcassets */ = {isa = PBXFileReference; lastKnownFileType = folder.assetcatalog; path = Assets.xcassets; sourceTree = "<group>"; };
		C62C00722A921E8A00333B32 /* Base */ = {isa = PBXFileReference; lastKnownFileType = file.storyboard; name = Base; path = Base.lproj/LaunchScreen.storyboard; sourceTree = "<group>"; };
		C62C00742A921E8A00333B32 /* Info.plist */ = {isa = PBXFileReference; lastKnownFileType = text.plist.xml; path = Info.plist; sourceTree = "<group>"; };
		C62C007C2A92C1E800333B32 /* .gitignore */ = {isa = PBXFileReference; lastKnownFileType = text; path = .gitignore; sourceTree = "<group>"; };
		C65E9FCD2AF9507500E74BE6 /* DataWeather.swift */ = {isa = PBXFileReference; lastKnownFileType = sourcecode.swift; path = DataWeather.swift; sourceTree = "<group>"; };
		C65E9FD22AF952A300E74BE6 /* NetworkManager.swift */ = {isa = PBXFileReference; lastKnownFileType = sourcecode.swift; path = NetworkManager.swift; sourceTree = "<group>"; };
		C673D1812BC044F3007452E0 /* WeatherAssembly.swift */ = {isa = PBXFileReference; lastKnownFileType = sourcecode.swift; path = WeatherAssembly.swift; sourceTree = "<group>"; };
		C673D1832BC04510007452E0 /* WeatherPresenter.swift */ = {isa = PBXFileReference; lastKnownFileType = sourcecode.swift; path = WeatherPresenter.swift; sourceTree = "<group>"; };
		C673D1852BC04525007452E0 /* WeatherRouter.swift */ = {isa = PBXFileReference; lastKnownFileType = sourcecode.swift; path = WeatherRouter.swift; sourceTree = "<group>"; };
		C673D1872BC0454C007452E0 /* MVXProtocole.swift */ = {isa = PBXFileReference; lastKnownFileType = sourcecode.swift; path = MVXProtocole.swift; sourceTree = "<group>"; };
/* End PBXFileReference section */

/* Begin PBXFrameworksBuildPhase section */
		C62C00602A921E8900333B32 /* Frameworks */ = {
			isa = PBXFrameworksBuildPhase;
			buildActionMask = 2147483647;
			files = (
			);
			runOnlyForDeploymentPostprocessing = 0;
		};
/* End PBXFrameworksBuildPhase section */

/* Begin PBXGroup section */
		C62C005A2A921E8900333B32 = {
			isa = PBXGroup;
			children = (
				C62C007C2A92C1E800333B32 /* .gitignore */,
				C62C00652A921E8900333B32 /* MyWeather */,
				C62C00642A921E8900333B32 /* Products */,
			);
			sourceTree = "<group>";
		};
		C62C00642A921E8900333B32 /* Products */ = {
			isa = PBXGroup;
			children = (
				C62C00632A921E8900333B32 /* MyWeather.app */,
			);
			name = Products;
			sourceTree = "<group>";
		};
		C62C00652A921E8900333B32 /* MyWeather */ = {
			isa = PBXGroup;
			children = (
				C65E9FD12AF9525A00E74BE6 /* Systems */,
				C65E9FD02AF9524400E74BE6 /* ViewControllers */,
				C65E9FCF2AF9521E00E74BE6 /* Models */,
				C65E9FD42AF952A900E74BE6 /* Servises */,
				C6C526FE2B85476D00385A08 /* Storiboards */,
				C62C006F2A921E8A00333B32 /* Assets.xcassets */,
				C62C00742A921E8A00333B32 /* Info.plist */,
			);
			path = MyWeather;
			sourceTree = "<group>";
		};
		C65E9FCF2AF9521E00E74BE6 /* Models */ = {
			isa = PBXGroup;
			children = (
				C65E9FCD2AF9507500E74BE6 /* DataWeather.swift */,
			);
			path = Models;
			sourceTree = "<group>";
		};
		C65E9FD02AF9524400E74BE6 /* ViewControllers */ = {
			isa = PBXGroup;
			children = (
				C6C526FF2B85498D00385A08 /* WeatherScreenScene */,
			);
			path = ViewControllers;
			sourceTree = "<group>";
		};
		C65E9FD12AF9525A00E74BE6 /* Systems */ = {
			isa = PBXGroup;
			children = (
				C62C00682A921E8900333B32 /* SceneDelegate.swift */,
				C62C00662A921E8900333B32 /* AppDelegate.swift */,
			);
			path = Systems;
			sourceTree = "<group>";
		};
		C65E9FD42AF952A900E74BE6 /* Servises */ = {
			isa = PBXGroup;
			children = (
				C65E9FD22AF952A300E74BE6 /* NetworkManager.swift */,
				C673D1872BC0454C007452E0 /* MVXProtocole.swift */,
			);
			path = Servises;
			sourceTree = "<group>";
		};
		C6C526FE2B85476D00385A08 /* Storiboards */ = {
			isa = PBXGroup;
			children = (
				C62C00712A921E8A00333B32 /* LaunchScreen.storyboard */,
			);
			path = Storiboards;
			sourceTree = "<group>";
		};
		C6C526FF2B85498D00385A08 /* WeatherScreenScene */ = {
			isa = PBXGroup;
			children = (
				C673D1812BC044F3007452E0 /* WeatherAssembly.swift */,
				C62C006A2A921E8900333B32 /* WeatherScreenViewController.swift */,
				C673D1832BC04510007452E0 /* WeatherPresenter.swift */,
				C673D1852BC04525007452E0 /* WeatherRouter.swift */,
			);
			path = WeatherScreenScene;
			sourceTree = "<group>";
		};
/* End PBXGroup section */

/* Begin PBXNativeTarget section */
		C62C00622A921E8900333B32 /* MyWeather */ = {
			isa = PBXNativeTarget;
			buildConfigurationList = C62C00772A921E8A00333B32 /* Build configuration list for PBXNativeTarget "MyWeather" */;
			buildPhases = (
				C62C005F2A921E8900333B32 /* Sources */,
				C62C00602A921E8900333B32 /* Frameworks */,
				C62C00612A921E8900333B32 /* Resources */,
			);
			buildRules = (
			);
			dependencies = (
			);
			name = MyWeather;
			productName = MyWeather;
			productReference = C62C00632A921E8900333B32 /* MyWeather.app */;
			productType = "com.apple.product-type.application";
		};
/* End PBXNativeTarget section */

/* Begin PBXProject section */
		C62C005B2A921E8900333B32 /* Project object */ = {
			isa = PBXProject;
			attributes = {
				BuildIndependentTargetsInParallel = 1;
				LastSwiftUpdateCheck = 1430;
				LastUpgradeCheck = 1430;
				TargetAttributes = {
					C62C00622A921E8900333B32 = {
						CreatedOnToolsVersion = 14.3.1;
					};
				};
			};
			buildConfigurationList = C62C005E2A921E8900333B32 /* Build configuration list for PBXProject "MyWeather" */;
			compatibilityVersion = "Xcode 14.0";
			developmentRegion = en;
			hasScannedForEncodings = 0;
			knownRegions = (
				en,
				Base,
			);
			mainGroup = C62C005A2A921E8900333B32;
			productRefGroup = C62C00642A921E8900333B32 /* Products */;
			projectDirPath = "";
			projectRoot = "";
			targets = (
				C62C00622A921E8900333B32 /* MyWeather */,
			);
		};
/* End PBXProject section */

/* Begin PBXResourcesBuildPhase section */
		C62C00612A921E8900333B32 /* Resources */ = {
			isa = PBXResourcesBuildPhase;
			buildActionMask = 2147483647;
			files = (
				C62C00732A921E8A00333B32 /* LaunchScreen.storyboard in Resources */,
				C62C007D2A92C1E800333B32 /* .gitignore in Resources */,
				C62C00702A921E8A00333B32 /* Assets.xcassets in Resources */,
			);
			runOnlyForDeploymentPostprocessing = 0;
		};
/* End PBXResourcesBuildPhase section */

/* Begin PBXSourcesBuildPhase section */
		C62C005F2A921E8900333B32 /* Sources */ = {
			isa = PBXSourcesBuildPhase;
			buildActionMask = 2147483647;
			files = (
				C62C006B2A921E8900333B32 /* WeatherScreenViewController.swift in Sources */,
				C673D1882BC0454C007452E0 /* MVXProtocole.swift in Sources */,
				C62C00672A921E8900333B32 /* AppDelegate.swift in Sources */,
				C673D1842BC04510007452E0 /* WeatherPresenter.swift in Sources */,
				C673D1822BC044F3007452E0 /* WeatherAssembly.swift in Sources */,
				C65E9FD32AF952A300E74BE6 /* NetworkManager.swift in Sources */,
				C65E9FCE2AF9507500E74BE6 /* DataWeather.swift in Sources */,
				C62C00692A921E8900333B32 /* SceneDelegate.swift in Sources */,
				C673D1862BC04525007452E0 /* WeatherRouter.swift in Sources */,
			);
			runOnlyForDeploymentPostprocessing = 0;
		};
/* End PBXSourcesBuildPhase section */

/* Begin PBXVariantGroup section */
		C62C00712A921E8A00333B32 /* LaunchScreen.storyboard */ = {
			isa = PBXVariantGroup;
			children = (
				C62C00722A921E8A00333B32 /* Base */,
			);
			name = LaunchScreen.storyboard;
			sourceTree = "<group>";
		};
/* End PBXVariantGroup section */

/* Begin XCBuildConfiguration section */
		C62C00752A921E8A00333B32 /* Debug */ = {
			isa = XCBuildConfiguration;
			buildSettings = {
				ALWAYS_SEARCH_USER_PATHS = NO;
				CLANG_ANALYZER_NONNULL = YES;
				CLANG_ANALYZER_NUMBER_OBJECT_CONVERSION = YES_AGGRESSIVE;
				CLANG_CXX_LANGUAGE_STANDARD = "gnu++20";
				CLANG_ENABLE_MODULES = YES;
				CLANG_ENABLE_OBJC_ARC = YES;
				CLANG_ENABLE_OBJC_WEAK = YES;
				CLANG_WARN_BLOCK_CAPTURE_AUTORELEASING = YES;
				CLANG_WARN_BOOL_CONVERSION = YES;
				CLANG_WARN_COMMA = YES;
				CLANG_WARN_CONSTANT_CONVERSION = YES;
				CLANG_WARN_DEPRECATED_OBJC_IMPLEMENTATIONS = YES;
				CLANG_WARN_DIRECT_OBJC_ISA_USAGE = YES_ERROR;
				CLANG_WARN_DOCUMENTATION_COMMENTS = YES;
				CLANG_WARN_EMPTY_BODY = YES;
				CLANG_WARN_ENUM_CONVERSION = YES;
				CLANG_WARN_INFINITE_RECURSION = YES;
				CLANG_WARN_INT_CONVERSION = YES;
				CLANG_WARN_NON_LITERAL_NULL_CONVERSION = YES;
				CLANG_WARN_OBJC_IMPLICIT_RETAIN_SELF = YES;
				CLANG_WARN_OBJC_LITERAL_CONVERSION = YES;
				CLANG_WARN_OBJC_ROOT_CLASS = YES_ERROR;
				CLANG_WARN_QUOTED_INCLUDE_IN_FRAMEWORK_HEADER = YES;
				CLANG_WARN_RANGE_LOOP_ANALYSIS = YES;
				CLANG_WARN_STRICT_PROTOTYPES = YES;
				CLANG_WARN_SUSPICIOUS_MOVE = YES;
				CLANG_WARN_UNGUARDED_AVAILABILITY = YES_AGGRESSIVE;
				CLANG_WARN_UNREACHABLE_CODE = YES;
				CLANG_WARN__DUPLICATE_METHOD_MATCH = YES;
				COPY_PHASE_STRIP = NO;
				DEBUG_INFORMATION_FORMAT = dwarf;
				ENABLE_STRICT_OBJC_MSGSEND = YES;
				ENABLE_TESTABILITY = YES;
				GCC_C_LANGUAGE_STANDARD = gnu11;
				GCC_DYNAMIC_NO_PIC = NO;
				GCC_NO_COMMON_BLOCKS = YES;
				GCC_OPTIMIZATION_LEVEL = 0;
				GCC_PREPROCESSOR_DEFINITIONS = (
					"DEBUG=1",
					"$(inherited)",
				);
				GCC_WARN_64_TO_32_BIT_CONVERSION = YES;
				GCC_WARN_ABOUT_RETURN_TYPE = YES_ERROR;
				GCC_WARN_UNDECLARED_SELECTOR = YES;
				GCC_WARN_UNINITIALIZED_AUTOS = YES_AGGRESSIVE;
				GCC_WARN_UNUSED_FUNCTION = YES;
				GCC_WARN_UNUSED_VARIABLE = YES;
				IPHONEOS_DEPLOYMENT_TARGET = 16.4;
				MTL_ENABLE_DEBUG_INFO = INCLUDE_SOURCE;
				MTL_FAST_MATH = YES;
				ONLY_ACTIVE_ARCH = YES;
				SDKROOT = iphoneos;
				SWIFT_ACTIVE_COMPILATION_CONDITIONS = DEBUG;
				SWIFT_OPTIMIZATION_LEVEL = "-Onone";
			};
			name = Debug;
		};
		C62C00762A921E8A00333B32 /* Release */ = {
			isa = XCBuildConfiguration;
			buildSettings = {
				ALWAYS_SEARCH_USER_PATHS = NO;
				CLANG_ANALYZER_NONNULL = YES;
				CLANG_ANALYZER_NUMBER_OBJECT_CONVERSION = YES_AGGRESSIVE;
				CLANG_CXX_LANGUAGE_STANDARD = "gnu++20";
				CLANG_ENABLE_MODULES = YES;
				CLANG_ENABLE_OBJC_ARC = YES;
				CLANG_ENABLE_OBJC_WEAK = YES;
				CLANG_WARN_BLOCK_CAPTURE_AUTORELEASING = YES;
				CLANG_WARN_BOOL_CONVERSION = YES;
				CLANG_WARN_COMMA = YES;
				CLANG_WARN_CONSTANT_CONVERSION = YES;
				CLANG_WARN_DEPRECATED_OBJC_IMPLEMENTATIONS = YES;
				CLANG_WARN_DIRECT_OBJC_ISA_USAGE = YES_ERROR;
				CLANG_WARN_DOCUMENTATION_COMMENTS = YES;
				CLANG_WARN_EMPTY_BODY = YES;
				CLANG_WARN_ENUM_CONVERSION = YES;
				CLANG_WARN_INFINITE_RECURSION = YES;
				CLANG_WARN_INT_CONVERSION = YES;
				CLANG_WARN_NON_LITERAL_NULL_CONVERSION = YES;
				CLANG_WARN_OBJC_IMPLICIT_RETAIN_SELF = YES;
				CLANG_WARN_OBJC_LITERAL_CONVERSION = YES;
				CLANG_WARN_OBJC_ROOT_CLASS = YES_ERROR;
				CLANG_WARN_QUOTED_INCLUDE_IN_FRAMEWORK_HEADER = YES;
				CLANG_WARN_RANGE_LOOP_ANALYSIS = YES;
				CLANG_WARN_STRICT_PROTOTYPES = YES;
				CLANG_WARN_SUSPICIOUS_MOVE = YES;
				CLANG_WARN_UNGUARDED_AVAILABILITY = YES_AGGRESSIVE;
				CLANG_WARN_UNREACHABLE_CODE = YES;
				CLANG_WARN__DUPLICATE_METHOD_MATCH = YES;
				COPY_PHASE_STRIP = NO;
				DEBUG_INFORMATION_FORMAT = "dwarf-with-dsym";
				ENABLE_NS_ASSERTIONS = NO;
				ENABLE_STRICT_OBJC_MSGSEND = YES;
				GCC_C_LANGUAGE_STANDARD = gnu11;
				GCC_NO_COMMON_BLOCKS = YES;
				GCC_WARN_64_TO_32_BIT_CONVERSION = YES;
				GCC_WARN_ABOUT_RETURN_TYPE = YES_ERROR;
				GCC_WARN_UNDECLARED_SELECTOR = YES;
				GCC_WARN_UNINITIALIZED_AUTOS = YES_AGGRESSIVE;
				GCC_WARN_UNUSED_FUNCTION = YES;
				GCC_WARN_UNUSED_VARIABLE = YES;
				IPHONEOS_DEPLOYMENT_TARGET = 16.4;
				MTL_ENABLE_DEBUG_INFO = NO;
				MTL_FAST_MATH = YES;
				SDKROOT = iphoneos;
				SWIFT_COMPILATION_MODE = wholemodule;
				SWIFT_OPTIMIZATION_LEVEL = "-O";
				VALIDATE_PRODUCT = YES;
			};
			name = Release;
		};
		C62C00782A921E8A00333B32 /* Debug */ = {
			isa = XCBuildConfiguration;
			buildSettings = {
				ASSETCATALOG_COMPILER_APPICON_NAME = AppIcon;
				ASSETCATALOG_COMPILER_GLOBAL_ACCENT_COLOR_NAME = AccentColor;
				CODE_SIGN_STYLE = Automatic;
				CURRENT_PROJECT_VERSION = 1;
				DEVELOPMENT_TEAM = DRYCV5GTMX;
				GENERATE_INFOPLIST_FILE = YES;
				INFOPLIST_FILE = MyWeather/Info.plist;
				INFOPLIST_KEY_UIApplicationSupportsIndirectInputEvents = YES;
				INFOPLIST_KEY_UILaunchStoryboardName = LaunchScreen;
				INFOPLIST_KEY_UISupportedInterfaceOrientations = UIInterfaceOrientationPortrait;
				INFOPLIST_KEY_UISupportedInterfaceOrientations_iPad = "UIInterfaceOrientationLandscapeLeft UIInterfaceOrientationLandscapeRight UIInterfaceOrientationPortrait UIInterfaceOrientationPortraitUpsideDown";
				LD_RUNPATH_SEARCH_PATHS = (
					"$(inherited)",
					"@executable_path/Frameworks",
				);
				MARKETING_VERSION = 1.0;
				PRODUCT_BUNDLE_IDENTIFIER = com.liza.Ex.MyWeather;
				PRODUCT_NAME = "$(TARGET_NAME)";
				SUPPORTED_PLATFORMS = "iphoneos iphonesimulator";
				SUPPORTS_MACCATALYST = NO;
				SUPPORTS_MAC_DESIGNED_FOR_IPHONE_IPAD = NO;
				SWIFT_EMIT_LOC_STRINGS = YES;
				SWIFT_VERSION = 5.0;
				TARGETED_DEVICE_FAMILY = 1;
			};
			name = Debug;
		};
		C62C00792A921E8A00333B32 /* Release */ = {
			isa = XCBuildConfiguration;
			buildSettings = {
				ASSETCATALOG_COMPILER_APPICON_NAME = AppIcon;
				ASSETCATALOG_COMPILER_GLOBAL_ACCENT_COLOR_NAME = AccentColor;
				CODE_SIGN_STYLE = Automatic;
				CURRENT_PROJECT_VERSION = 1;
				DEVELOPMENT_TEAM = DRYCV5GTMX;
				GENERATE_INFOPLIST_FILE = YES;
				INFOPLIST_FILE = MyWeather/Info.plist;
				INFOPLIST_KEY_UIApplicationSupportsIndirectInputEvents = YES;
				INFOPLIST_KEY_UILaunchStoryboardName = LaunchScreen;
				INFOPLIST_KEY_UISupportedInterfaceOrientations = UIInterfaceOrientationPortrait;
				INFOPLIST_KEY_UISupportedInterfaceOrientations_iPad = "UIInterfaceOrientationLandscapeLeft UIInterfaceOrientationLandscapeRight UIInterfaceOrientationPortrait UIInterfaceOrientationPortraitUpsideDown";
				LD_RUNPATH_SEARCH_PATHS = (
					"$(inherited)",
					"@executable_path/Frameworks",
				);
				MARKETING_VERSION = 1.0;
				PRODUCT_BUNDLE_IDENTIFIER = com.liza.Ex.MyWeather;
				PRODUCT_NAME = "$(TARGET_NAME)";
				SUPPORTED_PLATFORMS = "iphoneos iphonesimulator";
				SUPPORTS_MACCATALYST = NO;
				SUPPORTS_MAC_DESIGNED_FOR_IPHONE_IPAD = NO;
				SWIFT_EMIT_LOC_STRINGS = YES;
				SWIFT_VERSION = 5.0;
				TARGETED_DEVICE_FAMILY = 1;
			};
			name = Release;
		};
/* End XCBuildConfiguration section */

/* Begin XCConfigurationList section */
		C62C005E2A921E8900333B32 /* Build configuration list for PBXProject "MyWeather" */ = {
			isa = XCConfigurationList;
			buildConfigurations = (
				C62C00752A921E8A00333B32 /* Debug */,
				C62C00762A921E8A00333B32 /* Release */,
			);
			defaultConfigurationIsVisible = 0;
			defaultConfigurationName = Release;
		};
		C62C00772A921E8A00333B32 /* Build configuration list for PBXNativeTarget "MyWeather" */ = {
			isa = XCConfigurationList;
			buildConfigurations = (
				C62C00782A921E8A00333B32 /* Debug */,
				C62C00792A921E8A00333B32 /* Release */,
			);
			defaultConfigurationIsVisible = 0;
			defaultConfigurationName = Release;
		};
/* End XCConfigurationList section */
	};
	rootObject = C62C005B2A921E8900333B32 /* Project object */;
}
